
Microsoft Visual Studio Solution File, Format Version 12.00
Project("{FAE04EC0-301F-11D3-BF4B-00C04F79EFBC}") = "AccountManagement", "AccountManagement\AccountManagement.csproj", "{29E2CFAA-1516-467A-8341-6D3E09A4B773}"
EndProject
Global
	GlobalSection(SolutionConfigurationPlatforms) = preSolution
		Debug|Any CPU = Debug|Any CPU
		Release|Any CPU = Release|Any CPU
	EndGlobalSection
	GlobalSection(ProjectConfigurationPlatforms) = postSolution
		{29E2CFAA-1516-467A-8341-6D3E09A4B773}.Debug|Any CPU.ActiveCfg = Debug|Any CPU
		{29E2CFAA-1516-467A-8341-6D3E09A4B773}.Debug|Any CPU.Build.0 = Debug|Any CPU
		{29E2CFAA-1516-467A-8341-6D3E09A4B773}.Release|Any CPU.ActiveCfg = Release|Any CPU
		{29E2CFAA-1516-467A-8341-6D3E09A4B773}.Release|Any CPU.Build.0 = Release|Any CPU
	EndGlobalSection
EndGlobal
